
Microsoft Visual Studio Solution File, Format Version 12.00
# Visual Studio Version 17
VisualStudioVersion = 17.7.34031.279
MinimumVisualStudioVersion = 10.0.40219.1
Project("{FAE04EC0-301F-11D3-BF4B-00C04F79EFBC}") = "webcamv3", "webcamv3\webcamv3.csproj", "{DEDE22F3-3BBB-460F-9822-26B7D184D569}"
EndProject
Global
	GlobalSection(SolutionConfigurationPlatforms) = preSolution
		Debug|Any CPU = Debug|Any CPU
		Release|Any CPU = Release|Any CPU
	EndGlobalSection
	GlobalSection(ProjectConfigurationPlatforms) = postSolution
		{DEDE22F3-3BBB-460F-9822-26B7D184D569}.Debug|Any CPU.ActiveCfg = Debug|Any CPU
		{DEDE22F3-3BBB-460F-9822-26B7D184D569}.Debug|Any CPU.Build.0 = Debug|Any CPU
		{DEDE22F3-3BBB-460F-9822-26B7D184D569}.Release|Any CPU.ActiveCfg = Release|Any CPU
		{DEDE22F3-3BBB-460F-9822-26B7D184D569}.Release|Any CPU.Build.0 = Release|Any CPU
	EndGlobalSection
	GlobalSection(SolutionProperties) = preSolution
		HideSolutionNode = FALSE
	EndGlobalSection
	GlobalSection(ExtensibilityGlobals) = postSolution
		SolutionGuid = {9A55A4F1-C0AD-40A1-BC66-5E7A261B0771}
	EndGlobalSection
EndGlobal
